
Microsoft Visual Studio Solution File, Format Version 12.00
# Visual Studio Version 17
VisualStudioVersion = 17.4.33110.190
MinimumVisualStudioVersion = 10.0.40219.1
Project("{FAE04EC0-301F-11D3-BF4B-00C04F79EFBC}") = "ProjectDeliverable2", "ProjectDeliverable2\ProjectDeliverable2.csproj", "{2C035AE8-8F39-4885-97E6-B3B9C37425F5}"
EndProject
Global
	GlobalSection(SolutionConfigurationPlatforms) = preSolution
		Debug|Any CPU = Debug|Any CPU
		Release|Any CPU = Release|Any CPU
	EndGlobalSection
	GlobalSection(ProjectConfigurationPlatforms) = postSolution
		{2C035AE8-8F39-4885-97E6-B3B9C37425F5}.Debug|Any CPU.ActiveCfg = Debug|Any CPU
		{2C035AE8-8F39-4885-97E6-B3B9C37425F5}.Debug|Any CPU.Build.0 = Debug|Any CPU
		{2C035AE8-8F39-4885-97E6-B3B9C37425F5}.Release|Any CPU.ActiveCfg = Release|Any CPU
		{2C035AE8-8F39-4885-97E6-B3B9C37425F5}.Release|Any CPU.Build.0 = Release|Any CPU
	EndGlobalSection
	GlobalSection(SolutionProperties) = preSolution
		HideSolutionNode = FALSE
	EndGlobalSection
	GlobalSection(ExtensibilityGlobals) = postSolution
		SolutionGuid = {9165AF19-DD3E-4FE6-AFD8-F42472D59738}
	EndGlobalSection
EndGlobal
